
Microsoft Visual Studio Solution File, Format Version 12.00
# Visual Studio Version 17
VisualStudioVersion = 17.8.34601.278
MinimumVisualStudioVersion = 10.0.40219.1
Project("{9A19103F-16F7-4668-BE54-9A1E7A4F7556}") = "PipelineSample", "PipelineSample\PipelineSample.csproj", "{A31604CC-0D7D-4E0D-9738-B3E3A8779DE1}"
EndProject
Project("{FAE04EC0-301F-11D3-BF4B-00C04F79EFBC}") = "PipelineTest", "PipelineTest\PipelineTest.csproj", "{9F6E0A02-8A52-42E7-A3BD-229E62FC2A50}"
EndProject
Global
	GlobalSection(SolutionConfigurationPlatforms) = preSolution
		Debug|Any CPU = Debug|Any CPU
		Release|Any CPU = Release|Any CPU
	EndGlobalSection
	GlobalSection(ProjectConfigurationPlatforms) = postSolution
		{A31604CC-0D7D-4E0D-9738-B3E3A8779DE1}.Debug|Any CPU.ActiveCfg = Debug|Any CPU
		{A31604CC-0D7D-4E0D-9738-B3E3A8779DE1}.Debug|Any CPU.Build.0 = Debug|Any CPU
		{A31604CC-0D7D-4E0D-9738-B3E3A8779DE1}.Release|Any CPU.ActiveCfg = Release|Any CPU
		{A31604CC-0D7D-4E0D-9738-B3E3A8779DE1}.Release|Any CPU.Build.0 = Release|Any CPU
		{9F6E0A02-8A52-42E7-A3BD-229E62FC2A50}.Debug|Any CPU.ActiveCfg = Debug|Any CPU
		{9F6E0A02-8A52-42E7-A3BD-229E62FC2A50}.Debug|Any CPU.Build.0 = Debug|Any CPU
		{9F6E0A02-8A52-42E7-A3BD-229E62FC2A50}.Release|Any CPU.ActiveCfg = Release|Any CPU
		{9F6E0A02-8A52-42E7-A3BD-229E62FC2A50}.Release|Any CPU.Build.0 = Release|Any CPU
	EndGlobalSection
	GlobalSection(SolutionProperties) = preSolution
		HideSolutionNode = FALSE
	EndGlobalSection
	GlobalSection(ExtensibilityGlobals) = postSolution
		SolutionGuid = {6A1957E3-3B91-4680-8EF2-73D770695892}
	EndGlobalSection
EndGlobal
